
Microsoft Visual Studio Solution File, Format Version 12.00
Project("{FAE04EC0-301F-11D3-BF4B-00C04F79EFBC}") = "InfoSchoolBot", "InfoSchoolBot\InfoSchoolBot.csproj", "{33EB88AD-01E2-47A7-9862-739E0D8C4315}"
EndProject
Project("{FAE04EC0-301F-11D3-BF4B-00C04F79EFBC}") = "GetFilesAndExecutePython", "..\GetFilesAndExecPython\GetFilesAndExecutePython\GetFilesAndExecutePython.csproj", "{383302D4-2352-44E5-ACFB-3C2B7F37F66E}"
EndProject
Global
	GlobalSection(SolutionConfigurationPlatforms) = preSolution
		Debug|Any CPU = Debug|Any CPU
		Release|Any CPU = Release|Any CPU
	EndGlobalSection
	GlobalSection(ProjectConfigurationPlatforms) = postSolution
		{33EB88AD-01E2-47A7-9862-739E0D8C4315}.Debug|Any CPU.ActiveCfg = Debug|Any CPU
		{33EB88AD-01E2-47A7-9862-739E0D8C4315}.Debug|Any CPU.Build.0 = Debug|Any CPU
		{33EB88AD-01E2-47A7-9862-739E0D8C4315}.Release|Any CPU.ActiveCfg = Release|Any CPU
		{33EB88AD-01E2-47A7-9862-739E0D8C4315}.Release|Any CPU.Build.0 = Release|Any CPU
		{383302D4-2352-44E5-ACFB-3C2B7F37F66E}.Debug|Any CPU.ActiveCfg = Debug|Any CPU
		{383302D4-2352-44E5-ACFB-3C2B7F37F66E}.Debug|Any CPU.Build.0 = Debug|Any CPU
		{383302D4-2352-44E5-ACFB-3C2B7F37F66E}.Release|Any CPU.ActiveCfg = Release|Any CPU
		{383302D4-2352-44E5-ACFB-3C2B7F37F66E}.Release|Any CPU.Build.0 = Release|Any CPU
	EndGlobalSection
EndGlobal
